
Microsoft Visual Studio Solution File, Format Version 12.00
# Visual Studio Version 17
VisualStudioVersion = 17.14.37314.3 d17.14
MinimumVisualStudioVersion = 10.0.40219.1
Project("{FAE04EC0-301F-11D3-BF4B-00C04F79EFBC}") = "ForeachLimitationDemo", "ForeachLimitationDemo\ForeachLimitationDemo.csproj", "{0883F6DB-3F46-466E-8EF8-2337488D9462}"
EndProject
Global
	GlobalSection(SolutionConfigurationPlatforms) = preSolution
		Debug|Any CPU = Debug|Any CPU
		Release|Any CPU = Release|Any CPU
	EndGlobalSection
	GlobalSection(ProjectConfigurationPlatforms) = postSolution
		{0883F6DB-3F46-466E-8EF8-2337488D9462}.Debug|Any CPU.ActiveCfg = Debug|Any CPU
		{0883F6DB-3F46-466E-8EF8-2337488D9462}.Debug|Any CPU.Build.0 = Debug|Any CPU
		{0883F6DB-3F46-466E-8EF8-2337488D9462}.Release|Any CPU.ActiveCfg = Release|Any CPU
		{0883F6DB-3F46-466E-8EF8-2337488D9462}.Release|Any CPU.Build.0 = Release|Any CPU
	EndGlobalSection
	GlobalSection(SolutionProperties) = preSolution
		HideSolutionNode = FALSE
	EndGlobalSection
	GlobalSection(ExtensibilityGlobals) = postSolution
		SolutionGuid = {FC6567B6-E87A-456D-8C00-7C79E4F0357B}
	EndGlobalSection
EndGlobal
