
Microsoft Visual Studio Solution File, Format Version 12.00
# Visual Studio Version 17
VisualStudioVersion = 17.14.37314.3 d17.14
MinimumVisualStudioVersion = 10.0.40219.1
Project("{FAE04EC0-301F-11D3-BF4B-00C04F79EFBC}") = "PatientRegistrationModule", "PatientRegistrationModule\PatientRegistrationModule.csproj", "{F443C8D4-5E36-4E57-B08C-86A8597772D4}"
EndProject
Global
	GlobalSection(SolutionConfigurationPlatforms) = preSolution
		Debug|Any CPU = Debug|Any CPU
		Release|Any CPU = Release|Any CPU
	EndGlobalSection
	GlobalSection(ProjectConfigurationPlatforms) = postSolution
		{F443C8D4-5E36-4E57-B08C-86A8597772D4}.Debug|Any CPU.ActiveCfg = Debug|Any CPU
		{F443C8D4-5E36-4E57-B08C-86A8597772D4}.Debug|Any CPU.Build.0 = Debug|Any CPU
		{F443C8D4-5E36-4E57-B08C-86A8597772D4}.Release|Any CPU.ActiveCfg = Release|Any CPU
		{F443C8D4-5E36-4E57-B08C-86A8597772D4}.Release|Any CPU.Build.0 = Release|Any CPU
	EndGlobalSection
	GlobalSection(SolutionProperties) = preSolution
		HideSolutionNode = FALSE
	EndGlobalSection
	GlobalSection(ExtensibilityGlobals) = postSolution
		SolutionGuid = {18DCFF97-1BE0-4304-8A94-8B813DCBA08D}
	EndGlobalSection
EndGlobal
