
Microsoft Visual Studio Solution File, Format Version 12.00
# Visual Studio Version 17
VisualStudioVersion = 17.14.37314.3 d17.14
MinimumVisualStudioVersion = 10.0.40219.1
Project("{FAE04EC0-301F-11D3-BF4B-00C04F79EFBC}") = "DiagnosisUndo", "DiagnosisUndo\DiagnosisUndo.csproj", "{35B8DEF6-DFDC-45EE-833A-5880B635B528}"
EndProject
Global
	GlobalSection(SolutionConfigurationPlatforms) = preSolution
		Debug|Any CPU = Debug|Any CPU
		Release|Any CPU = Release|Any CPU
	EndGlobalSection
	GlobalSection(ProjectConfigurationPlatforms) = postSolution
		{35B8DEF6-DFDC-45EE-833A-5880B635B528}.Debug|Any CPU.ActiveCfg = Debug|Any CPU
		{35B8DEF6-DFDC-45EE-833A-5880B635B528}.Debug|Any CPU.Build.0 = Debug|Any CPU
		{35B8DEF6-DFDC-45EE-833A-5880B635B528}.Release|Any CPU.ActiveCfg = Release|Any CPU
		{35B8DEF6-DFDC-45EE-833A-5880B635B528}.Release|Any CPU.Build.0 = Release|Any CPU
	EndGlobalSection
	GlobalSection(SolutionProperties) = preSolution
		HideSolutionNode = FALSE
	EndGlobalSection
	GlobalSection(ExtensibilityGlobals) = postSolution
		SolutionGuid = {2D8AE76D-BAF3-4AD7-9378-D0B313330FD2}
	EndGlobalSection
EndGlobal
