
Microsoft Visual Studio Solution File, Format Version 12.00
# Visual Studio Version 17
VisualStudioVersion = 17.14.37314.3 d17.14
MinimumVisualStudioVersion = 10.0.40219.1
Project("{FAE04EC0-301F-11D3-BF4B-00C04F79EFBC}") = "RegistrationFoundation", "RegistrationFoundation\RegistrationFoundation.csproj", "{DD632571-6BC3-439B-9B03-50C64F5F0E7E}"
EndProject
Global
	GlobalSection(SolutionConfigurationPlatforms) = preSolution
		Debug|Any CPU = Debug|Any CPU
		Release|Any CPU = Release|Any CPU
	EndGlobalSection
	GlobalSection(ProjectConfigurationPlatforms) = postSolution
		{DD632571-6BC3-439B-9B03-50C64F5F0E7E}.Debug|Any CPU.ActiveCfg = Debug|Any CPU
		{DD632571-6BC3-439B-9B03-50C64F5F0E7E}.Debug|Any CPU.Build.0 = Debug|Any CPU
		{DD632571-6BC3-439B-9B03-50C64F5F0E7E}.Release|Any CPU.ActiveCfg = Release|Any CPU
		{DD632571-6BC3-439B-9B03-50C64F5F0E7E}.Release|Any CPU.Build.0 = Release|Any CPU
	EndGlobalSection
	GlobalSection(SolutionProperties) = preSolution
		HideSolutionNode = FALSE
	EndGlobalSection
	GlobalSection(ExtensibilityGlobals) = postSolution
		SolutionGuid = {372189A9-3DE0-44BE-96EE-04E4AF36FBAF}
	EndGlobalSection
EndGlobal
